// !$*UTF8*$!
{
	archiveVersion = 1;
	classes = {
	};
	objectVersion = 56;
	objects = {

/* Begin PBXBuildFile section */
		9907C81B2C05351200F7A1E1 /* ProgressCollectionViewCell.swift in Sources */ = {isa = PBXBuildFile; fileRef = 9907C81A2C05351200F7A1E1 /* ProgressCollectionViewCell.swift */; };
		9907C81D2C0535BB00F7A1E1 /* HabitCollectionViewCell.swift in Sources */ = {isa = PBXBuildFile; fileRef = 9907C81C2C0535BB00F7A1E1 /* HabitCollectionViewCell.swift */; };
		9907C81F2C067C4800F7A1E1 /* HabitDetailsViewController.swift in Sources */ = {isa = PBXBuildFile; fileRef = 9907C81E2C067C4800F7A1E1 /* HabitDetailsViewController.swift */; };
		991A35972BFC7BBC007EA4F4 /* HabitsStore.swift in Sources */ = {isa = PBXBuildFile; fileRef = 997100E62BC47E0C00811725 /* HabitsStore.swift */; };
		996D877C2B9685860056A5B3 /* AppDelegate.swift in Sources */ = {isa = PBXBuildFile; fileRef = 996D877B2B9685860056A5B3 /* AppDelegate.swift */; };
		996D877E2B9685860056A5B3 /* SceneDelegate.swift in Sources */ = {isa = PBXBuildFile; fileRef = 996D877D2B9685860056A5B3 /* SceneDelegate.swift */; };
		996D87882B9685880056A5B3 /* LaunchScreen.storyboard in Resources */ = {isa = PBXBuildFile; fileRef = 996D87862B9685880056A5B3 /* LaunchScreen.storyboard */; };
		996D87922BA063DC0056A5B3 /* HabitsViewController.swift in Sources */ = {isa = PBXBuildFile; fileRef = 996D87912BA063DC0056A5B3 /* HabitsViewController.swift */; };
		996D87942BA063ED0056A5B3 /* InfoViewController.swift in Sources */ = {isa = PBXBuildFile; fileRef = 996D87932BA063ED0056A5B3 /* InfoViewController.swift */; };
		996D87972BA258FA0056A5B3 /* assets.xcassets in Resources */ = {isa = PBXBuildFile; fileRef = 996D87962BA258FA0056A5B3 /* assets.xcassets */; };
		997100E92BC4865000811725 /* extUIColor.swift in Sources */ = {isa = PBXBuildFile; fileRef = 997100E82BC4865000811725 /* extUIColor.swift */; };
		99D6DF042BD9B1BF0045977B /* HabitViewController.swift in Sources */ = {isa = PBXBuildFile; fileRef = 99D6DF032BD9B1BF0045977B /* HabitViewController.swift */; };
/* End PBXBuildFile section */

/* Begin PBXFileReference section */
		9907C81A2C05351200F7A1E1 /* ProgressCollectionViewCell.swift */ = {isa = PBXFileReference; lastKnownFileType = sourcecode.swift; path = ProgressCollectionViewCell.swift; sourceTree = "<group>"; };
		9907C81C2C0535BB00F7A1E1 /* HabitCollectionViewCell.swift */ = {isa = PBXFileReference; lastKnownFileType = sourcecode.swift; path = HabitCollectionViewCell.swift; sourceTree = "<group>"; };
		9907C81E2C067C4800F7A1E1 /* HabitDetailsViewController.swift */ = {isa = PBXFileReference; lastKnownFileType = sourcecode.swift; path = HabitDetailsViewController.swift; sourceTree = "<group>"; };
		996D87782B9685860056A5B3 /* MyHabits.app */ = {isa = PBXFileReference; explicitFileType = wrapper.application; includeInIndex = 0; path = MyHabits.app; sourceTree = BUILT_PRODUCTS_DIR; };
		996D877B2B9685860056A5B3 /* AppDelegate.swift */ = {isa = PBXFileReference; lastKnownFileType = sourcecode.swift; path = AppDelegate.swift; sourceTree = "<group>"; };
		996D877D2B9685860056A5B3 /* SceneDelegate.swift */ = {isa = PBXFileReference; lastKnownFileType = sourcecode.swift; path = SceneDelegate.swift; sourceTree = "<group>"; };
		996D87872B9685880056A5B3 /* Base */ = {isa = PBXFileReference; lastKnownFileType = file.storyboard; name = Base; path = Base.lproj/LaunchScreen.storyboard; sourceTree = "<group>"; };
		996D87892B9685880056A5B3 /* Info.plist */ = {isa = PBXFileReference; lastKnownFileType = text.plist.xml; path = Info.plist; sourceTree = "<group>"; };
		996D87912BA063DC0056A5B3 /* HabitsViewController.swift */ = {isa = PBXFileReference; lastKnownFileType = sourcecode.swift; path = HabitsViewController.swift; sourceTree = "<group>"; };
		996D87932BA063ED0056A5B3 /* InfoViewController.swift */ = {isa = PBXFileReference; lastKnownFileType = sourcecode.swift; path = InfoViewController.swift; sourceTree = "<group>"; };
		996D87962BA258FA0056A5B3 /* assets.xcassets */ = {isa = PBXFileReference; lastKnownFileType = folder.assetcatalog; path = assets.xcassets; sourceTree = "<group>"; };
		997100E62BC47E0C00811725 /* HabitsStore.swift */ = {isa = PBXFileReference; lastKnownFileType = sourcecode.swift; path = HabitsStore.swift; sourceTree = "<group>"; };
		997100E82BC4865000811725 /* extUIColor.swift */ = {isa = PBXFileReference; lastKnownFileType = sourcecode.swift; path = extUIColor.swift; sourceTree = "<group>"; };
		99D6DF032BD9B1BF0045977B /* HabitViewController.swift */ = {isa = PBXFileReference; lastKnownFileType = sourcecode.swift; path = HabitViewController.swift; sourceTree = "<group>"; };
/* End PBXFileReference section */

/* Begin PBXFrameworksBuildPhase section */
		996D87752B9685860056A5B3 /* Frameworks */ = {
			isa = PBXFrameworksBuildPhase;
			buildActionMask = 2147483647;
			files = (
			);
			runOnlyForDeploymentPostprocessing = 0;
		};
/* End PBXFrameworksBuildPhase section */

/* Begin PBXGroup section */
		9907C8192C0534E500F7A1E1 /* Data */ = {
			isa = PBXGroup;
			children = (
				9907C81A2C05351200F7A1E1 /* ProgressCollectionViewCell.swift */,
				9907C81C2C0535BB00F7A1E1 /* HabitCollectionViewCell.swift */,
			);
			path = Data;
			sourceTree = "<group>";
		};
		996D876F2B9685860056A5B3 = {
			isa = PBXGroup;
			children = (
				996D877A2B9685860056A5B3 /* MyHabits */,
				996D87792B9685860056A5B3 /* Products */,
			);
			sourceTree = "<group>";
		};
		996D87792B9685860056A5B3 /* Products */ = {
			isa = PBXGroup;
			children = (
				996D87782B9685860056A5B3 /* MyHabits.app */,
			);
			name = Products;
			sourceTree = "<group>";
		};
		996D877A2B9685860056A5B3 /* MyHabits */ = {
			isa = PBXGroup;
			children = (
				997100E72BC480F500811725 /* Application */,
				996D87952BA064000056A5B3 /* Controllers */,
				996D87862B9685880056A5B3 /* LaunchScreen.storyboard */,
				996D87962BA258FA0056A5B3 /* assets.xcassets */,
				996D87892B9685880056A5B3 /* Info.plist */,
			);
			path = MyHabits;
			sourceTree = "<group>";
		};
		996D87952BA064000056A5B3 /* Controllers */ = {
			isa = PBXGroup;
			children = (
				996D87912BA063DC0056A5B3 /* HabitsViewController.swift */,
				996D87932BA063ED0056A5B3 /* InfoViewController.swift */,
				99D6DF032BD9B1BF0045977B /* HabitViewController.swift */,
				9907C81E2C067C4800F7A1E1 /* HabitDetailsViewController.swift */,
				9907C8192C0534E500F7A1E1 /* Data */,
				997100E52BC47E0100811725 /* Storage */,
			);
			path = Controllers;
			sourceTree = "<group>";
		};
		997100E52BC47E0100811725 /* Storage */ = {
			isa = PBXGroup;
			children = (
				997100E62BC47E0C00811725 /* HabitsStore.swift */,
				997100E82BC4865000811725 /* extUIColor.swift */,
			);
			path = Storage;
			sourceTree = "<group>";
		};
		997100E72BC480F500811725 /* Application */ = {
			isa = PBXGroup;
			children = (
				996D877B2B9685860056A5B3 /* AppDelegate.swift */,
				996D877D2B9685860056A5B3 /* SceneDelegate.swift */,
			);
			path = Application;
			sourceTree = "<group>";
		};
/* End PBXGroup section */

/* Begin PBXNativeTarget section */
		996D87772B9685860056A5B3 /* MyHabits */ = {
			isa = PBXNativeTarget;
			buildConfigurationList = 996D878C2B9685880056A5B3 /* Build configuration list for PBXNativeTarget "MyHabits" */;
			buildPhases = (
				996D87742B9685860056A5B3 /* Sources */,
				996D87752B9685860056A5B3 /* Frameworks */,
				996D87762B9685860056A5B3 /* Resources */,
			);
			buildRules = (
			);
			dependencies = (
			);
			name = MyHabits;
			productName = MyHabits;
			productReference = 996D87782B9685860056A5B3 /* MyHabits.app */;
			productType = "com.apple.product-type.application";
		};
/* End PBXNativeTarget section */

/* Begin PBXProject section */
		996D87702B9685860056A5B3 /* Project object */ = {
			isa = PBXProject;
			attributes = {
				BuildIndependentTargetsInParallel = 1;
				LastSwiftUpdateCheck = 1520;
				LastUpgradeCheck = 1520;
				TargetAttributes = {
					996D87772B9685860056A5B3 = {
						CreatedOnToolsVersion = 15.2;
					};
				};
			};
			buildConfigurationList = 996D87732B9685860056A5B3 /* Build configuration list for PBXProject "MyHabits" */;
			compatibilityVersion = "Xcode 14.0";
			developmentRegion = en;
			hasScannedForEncodings = 0;
			knownRegions = (
				en,
				Base,
			);
			mainGroup = 996D876F2B9685860056A5B3;
			productRefGroup = 996D87792B9685860056A5B3 /* Products */;
			projectDirPath = "";
			projectRoot = "";
			targets = (
				996D87772B9685860056A5B3 /* MyHabits */,
			);
		};
/* End PBXProject section */

/* Begin PBXResourcesBuildPhase section */
		996D87762B9685860056A5B3 /* Resources */ = {
			isa = PBXResourcesBuildPhase;
			buildActionMask = 2147483647;
			files = (
				996D87972BA258FA0056A5B3 /* assets.xcassets in Resources */,
				996D87882B9685880056A5B3 /* LaunchScreen.storyboard in Resources */,
			);
			runOnlyForDeploymentPostprocessing = 0;
		};
/* End PBXResourcesBuildPhase section */

/* Begin PBXSourcesBuildPhase section */
		996D87742B9685860056A5B3 /* Sources */ = {
			isa = PBXSourcesBuildPhase;
			buildActionMask = 2147483647;
			files = (
				991A35972BFC7BBC007EA4F4 /* HabitsStore.swift in Sources */,
				996D877C2B9685860056A5B3 /* AppDelegate.swift in Sources */,
				9907C81D2C0535BB00F7A1E1 /* HabitCollectionViewCell.swift in Sources */,
				99D6DF042BD9B1BF0045977B /* HabitViewController.swift in Sources */,
				996D87922BA063DC0056A5B3 /* HabitsViewController.swift in Sources */,
				996D87942BA063ED0056A5B3 /* InfoViewController.swift in Sources */,
				996D877E2B9685860056A5B3 /* SceneDelegate.swift in Sources */,
				9907C81B2C05351200F7A1E1 /* ProgressCollectionViewCell.swift in Sources */,
				9907C81F2C067C4800F7A1E1 /* HabitDetailsViewController.swift in Sources */,
				997100E92BC4865000811725 /* extUIColor.swift in Sources */,
			);
			runOnlyForDeploymentPostprocessing = 0;
		};
/* End PBXSourcesBuildPhase section */

/* Begin PBXVariantGroup section */
		996D87862B9685880056A5B3 /* LaunchScreen.storyboard */ = {
			isa = PBXVariantGroup;
			children = (
				996D87872B9685880056A5B3 /* Base */,
			);
			name = LaunchScreen.storyboard;
			sourceTree = "<group>";
		};
/* End PBXVariantGroup section */

/* Begin XCBuildConfiguration section */
		996D878A2B9685880056A5B3 /* Debug */ = {
			isa = XCBuildConfiguration;
			buildSettings = {
				ALWAYS_SEARCH_USER_PATHS = NO;
				ASSETCATALOG_COMPILER_GENERATE_SWIFT_ASSET_SYMBOL_EXTENSIONS = YES;
				CLANG_ANALYZER_NONNULL = YES;
				CLANG_ANALYZER_NUMBER_OBJECT_CONVERSION = YES_AGGRESSIVE;
				CLANG_CXX_LANGUAGE_STANDARD = "gnu++20";
				CLANG_ENABLE_MODULES = YES;
				CLANG_ENABLE_OBJC_ARC = YES;
				CLANG_ENABLE_OBJC_WEAK = YES;
				CLANG_WARN_BLOCK_CAPTURE_AUTORELEASING = YES;
				CLANG_WARN_BOOL_CONVERSION = YES;
				CLANG_WARN_COMMA = YES;
				CLANG_WARN_CONSTANT_CONVERSION = YES;
				CLANG_WARN_DEPRECATED_OBJC_IMPLEMENTATIONS = YES;
				CLANG_WARN_DIRECT_OBJC_ISA_USAGE = YES_ERROR;
				CLANG_WARN_DOCUMENTATION_COMMENTS = YES;
				CLANG_WARN_EMPTY_BODY = YES;
				CLANG_WARN_ENUM_CONVERSION = YES;
				CLANG_WARN_INFINITE_RECURSION = YES;
				CLANG_WARN_INT_CONVERSION = YES;
				CLANG_WARN_NON_LITERAL_NULL_CONVERSION = YES;
				CLANG_WARN_OBJC_IMPLICIT_RETAIN_SELF = YES;
				CLANG_WARN_OBJC_LITERAL_CONVERSION = YES;
				CLANG_WARN_OBJC_ROOT_CLASS = YES_ERROR;
				CLANG_WARN_QUOTED_INCLUDE_IN_FRAMEWORK_HEADER = YES;
				CLANG_WARN_RANGE_LOOP_ANALYSIS = YES;
				CLANG_WARN_STRICT_PROTOTYPES = YES;
				CLANG_WARN_SUSPICIOUS_MOVE = YES;
				CLANG_WARN_UNGUARDED_AVAILABILITY = YES_AGGRESSIVE;
				CLANG_WARN_UNREACHABLE_CODE = YES;
				CLANG_WARN__DUPLICATE_METHOD_MATCH = YES;
				COPY_PHASE_STRIP = NO;
				DEBUG_INFORMATION_FORMAT = dwarf;
				ENABLE_STRICT_OBJC_MSGSEND = YES;
				ENABLE_TESTABILITY = YES;
				ENABLE_USER_SCRIPT_SANDBOXING = YES;
				GCC_C_LANGUAGE_STANDARD = gnu17;
				GCC_DYNAMIC_NO_PIC = NO;
				GCC_NO_COMMON_BLOCKS = YES;
				GCC_OPTIMIZATION_LEVEL = 0;
				GCC_PREPROCESSOR_DEFINITIONS = (
					"DEBUG=1",
					"$(inherited)",
				);
				GCC_WARN_64_TO_32_BIT_CONVERSION = YES;
				GCC_WARN_ABOUT_RETURN_TYPE = YES_ERROR;
				GCC_WARN_UNDECLARED_SELECTOR = YES;
				GCC_WARN_UNINITIALIZED_AUTOS = YES_AGGRESSIVE;
				GCC_WARN_UNUSED_FUNCTION = YES;
				GCC_WARN_UNUSED_VARIABLE = YES;
				IPHONEOS_DEPLOYMENT_TARGET = 17.2;
				LOCALIZATION_PREFERS_STRING_CATALOGS = YES;
				MTL_ENABLE_DEBUG_INFO = INCLUDE_SOURCE;
				MTL_FAST_MATH = YES;
				ONLY_ACTIVE_ARCH = YES;
				SDKROOT = iphoneos;
				SWIFT_ACTIVE_COMPILATION_CONDITIONS = "DEBUG $(inherited)";
				SWIFT_OPTIMIZATION_LEVEL = "-Onone";
			};
			name = Debug;
		};
		996D878B2B9685880056A5B3 /* Release */ = {
			isa = XCBuildConfiguration;
			buildSettings = {
				ALWAYS_SEARCH_USER_PATHS = NO;
				ASSETCATALOG_COMPILER_GENERATE_SWIFT_ASSET_SYMBOL_EXTENSIONS = YES;
				CLANG_ANALYZER_NONNULL = YES;
				CLANG_ANALYZER_NUMBER_OBJECT_CONVERSION = YES_AGGRESSIVE;
				CLANG_CXX_LANGUAGE_STANDARD = "gnu++20";
				CLANG_ENABLE_MODULES = YES;
				CLANG_ENABLE_OBJC_ARC = YES;
				CLANG_ENABLE_OBJC_WEAK = YES;
				CLANG_WARN_BLOCK_CAPTURE_AUTORELEASING = YES;
				CLANG_WARN_BOOL_CONVERSION = YES;
				CLANG_WARN_COMMA = YES;
				CLANG_WARN_CONSTANT_CONVERSION = YES;
				CLANG_WARN_DEPRECATED_OBJC_IMPLEMENTATIONS = YES;
				CLANG_WARN_DIRECT_OBJC_ISA_USAGE = YES_ERROR;
				CLANG_WARN_DOCUMENTATION_COMMENTS = YES;
				CLANG_WARN_EMPTY_BODY = YES;
				CLANG_WARN_ENUM_CONVERSION = YES;
				CLANG_WARN_INFINITE_RECURSION = YES;
				CLANG_WARN_INT_CONVERSION = YES;
				CLANG_WARN_NON_LITERAL_NULL_CONVERSION = YES;
				CLANG_WARN_OBJC_IMPLICIT_RETAIN_SELF = YES;
				CLANG_WARN_OBJC_LITERAL_CONVERSION = YES;
				CLANG_WARN_OBJC_ROOT_CLASS = YES_ERROR;
				CLANG_WARN_QUOTED_INCLUDE_IN_FRAMEWORK_HEADER = YES;
				CLANG_WARN_RANGE_LOOP_ANALYSIS = YES;
				CLANG_WARN_STRICT_PROTOTYPES = YES;
				CLANG_WARN_SUSPICIOUS_MOVE = YES;
				CLANG_WARN_UNGUARDED_AVAILABILITY = YES_AGGRESSIVE;
				CLANG_WARN_UNREACHABLE_CODE = YES;
				CLANG_WARN__DUPLICATE_METHOD_MATCH = YES;
				COPY_PHASE_STRIP = NO;
				DEBUG_INFORMATION_FORMAT = "dwarf-with-dsym";
				ENABLE_NS_ASSERTIONS = NO;
				ENABLE_STRICT_OBJC_MSGSEND = YES;
				ENABLE_USER_SCRIPT_SANDBOXING = YES;
				GCC_C_LANGUAGE_STANDARD = gnu17;
				GCC_NO_COMMON_BLOCKS = YES;
				GCC_WARN_64_TO_32_BIT_CONVERSION = YES;
				GCC_WARN_ABOUT_RETURN_TYPE = YES_ERROR;
				GCC_WARN_UNDECLARED_SELECTOR = YES;
				GCC_WARN_UNINITIALIZED_AUTOS = YES_AGGRESSIVE;
				GCC_WARN_UNUSED_FUNCTION = YES;
				GCC_WARN_UNUSED_VARIABLE = YES;
				IPHONEOS_DEPLOYMENT_TARGET = 17.2;
				LOCALIZATION_PREFERS_STRING_CATALOGS = YES;
				MTL_ENABLE_DEBUG_INFO = NO;
				MTL_FAST_MATH = YES;
				SDKROOT = iphoneos;
				SWIFT_COMPILATION_MODE = wholemodule;
				VALIDATE_PRODUCT = YES;
			};
			name = Release;
		};
		996D878D2B9685880056A5B3 /* Debug */ = {
			isa = XCBuildConfiguration;
			buildSettings = {
				ASSETCATALOG_COMPILER_APPICON_NAME = AppIcon;
				ASSETCATALOG_COMPILER_GLOBAL_ACCENT_COLOR_NAME = AccentColor;
				CODE_SIGN_STYLE = Automatic;
				CURRENT_PROJECT_VERSION = 1;
				DEVELOPMENT_TEAM = 3T9ZQ6HN9T;
				GENERATE_INFOPLIST_FILE = YES;
				INFOPLIST_FILE = MyHabits/Info.plist;
				INFOPLIST_KEY_UIApplicationSupportsIndirectInputEvents = YES;
				INFOPLIST_KEY_UILaunchStoryboardName = LaunchScreen;
				INFOPLIST_KEY_UISupportedInterfaceOrientations = UIInterfaceOrientationPortrait;
				IPHONEOS_DEPLOYMENT_TARGET = 15.0;
				LD_RUNPATH_SEARCH_PATHS = (
					"$(inherited)",
					"@executable_path/Frameworks",
				);
				MARKETING_VERSION = 1.0;
				PRODUCT_BUNDLE_IDENTIFIER = com.firstproject.MyHabits.MyHabits;
				PRODUCT_NAME = "$(TARGET_NAME)";
				SUPPORTED_PLATFORMS = "iphoneos iphonesimulator";
				SUPPORTS_MACCATALYST = NO;
				SUPPORTS_MAC_DESIGNED_FOR_IPHONE_IPAD = NO;
				SUPPORTS_XR_DESIGNED_FOR_IPHONE_IPAD = NO;
				SWIFT_EMIT_LOC_STRINGS = YES;
				SWIFT_VERSION = 5.0;
				TARGETED_DEVICE_FAMILY = "1,2";
			};
			name = Debug;
		};
		996D878E2B9685880056A5B3 /* Release */ = {
			isa = XCBuildConfiguration;
			buildSettings = {
				ASSETCATALOG_COMPILER_APPICON_NAME = AppIcon;
				ASSETCATALOG_COMPILER_GLOBAL_ACCENT_COLOR_NAME = AccentColor;
				CODE_SIGN_STYLE = Automatic;
				CURRENT_PROJECT_VERSION = 1;
				DEVELOPMENT_TEAM = 3T9ZQ6HN9T;
				GENERATE_INFOPLIST_FILE = YES;
				INFOPLIST_FILE = MyHabits/Info.plist;
				INFOPLIST_KEY_UIApplicationSupportsIndirectInputEvents = YES;
				INFOPLIST_KEY_UILaunchStoryboardName = LaunchScreen;
				INFOPLIST_KEY_UISupportedInterfaceOrientations = UIInterfaceOrientationPortrait;
				IPHONEOS_DEPLOYMENT_TARGET = 15.0;
				LD_RUNPATH_SEARCH_PATHS = (
					"$(inherited)",
					"@executable_path/Frameworks",
				);
				MARKETING_VERSION = 1.0;
				PRODUCT_BUNDLE_IDENTIFIER = com.firstproject.MyHabits.MyHabits;
				PRODUCT_NAME = "$(TARGET_NAME)";
				SUPPORTED_PLATFORMS = "iphoneos iphonesimulator";
				SUPPORTS_MACCATALYST = NO;
				SUPPORTS_MAC_DESIGNED_FOR_IPHONE_IPAD = NO;
				SUPPORTS_XR_DESIGNED_FOR_IPHONE_IPAD = NO;
				SWIFT_EMIT_LOC_STRINGS = YES;
				SWIFT_VERSION = 5.0;
				TARGETED_DEVICE_FAMILY = "1,2";
			};
			name = Release;
		};
/* End XCBuildConfiguration section */

/* Begin XCConfigurationList section */
		996D87732B9685860056A5B3 /* Build configuration list for PBXProject "MyHabits" */ = {
			isa = XCConfigurationList;
			buildConfigurations = (
				996D878A2B9685880056A5B3 /* Debug */,
				996D878B2B9685880056A5B3 /* Release */,
			);
			defaultConfigurationIsVisible = 0;
			defaultConfigurationName = Release;
		};
		996D878C2B9685880056A5B3 /* Build configuration list for PBXNativeTarget "MyHabits" */ = {
			isa = XCConfigurationList;
			buildConfigurations = (
				996D878D2B9685880056A5B3 /* Debug */,
				996D878E2B9685880056A5B3 /* Release */,
			);
			defaultConfigurationIsVisible = 0;
			defaultConfigurationName = Release;
		};
/* End XCConfigurationList section */
	};
	rootObject = 996D87702B9685860056A5B3 /* Project object */;
}
